<Solution>
  <Folder Name="/Common/">
    <Project Path="Common/Messaging.Persistence/Messaging.Persistence.csproj" Id="ceefd7b6-c9bb-4420-b1c6-8153a11c5dc2" />
    <Project Path="Common/Messaging/Messaging.csproj" Id="53c1779d-2a52-432b-9154-a3e30ea67c47" />
    <Project Path="Common/ServiceDefaults/ServiceDefaults.csproj" Id="fdcc180e-cbd1-4ed4-9064-efc13f8ff0db" />
  </Folder>
  <Folder Name="/Services/" />
  <Folder Name="/Services/AccountService/">
    <Project Path="Services/AccountService/AccountService.API/AccountService.API.csproj" Id="c2aa7d70-0d57-4f00-a6e8-75f63e840935" />
    <Project Path="Services/AccountService/AccountService.Application/AccountService.Application.csproj" Id="fc2084c9-fda5-424b-99ec-4ce2a23a2295" />
    <Project Path="Services/AccountService/AccountService.Domain/AccountService.Domain.csproj" Id="5f74b535-9f7f-4ddf-a1a0-ddbd98b93be0" />
    <Project Path="Services/AccountService/AccountService.Infrastructure/AccountService.Infrastructure.csproj" Id="b63a0f9a-fbf0-4d51-879f-8bd4e78c7ae9" />
  </Folder>
  <Folder Name="/Services/FraudDetectionService/">
    <Project Path="Services/FraudDetectionService/FraudDetectionService.API/FraudDetectionService.API.csproj" Id="a5b1ac21-62ef-40d0-826c-ed91878e1a72" />
    <Project Path="Services/FraudDetectionService/FraudDetectionService.Application/FraudDetectionService.Application.csproj" Id="7cd8596d-af0b-4535-8d9b-0bbd2992cc6d" />
  </Folder>
  <Folder Name="/Services/LedgerService/">
    <Project Path="Services/LedgerService/LedgerService.API/LedgerService.API.csproj" Id="df1a7df4-95f9-4b60-af04-52556a6ec7e7" />
    <Project Path="Services/LedgerService/LedgerService.Application/LedgerService.Application.csproj" Id="f644ed43-bc9f-46f9-b1c6-782ae29a4189" />
    <Project Path="Services/LedgerService/LedgerService.Domain/LedgerService.Domain.csproj" Id="47a4897f-5fca-4ae2-bc06-3838764ea74b" />
    <Project Path="Services/LedgerService/LedgerService.Infrastructure/LedgerService.Infrastructure.csproj" Id="34a6a0c5-4fa3-4f2c-b487-817a27aadf28" />
  </Folder>
  <Folder Name="/Services/NotificationService/">
    <Project Path="Services/NotificationService/NotificationService.API/NotificationService.API.csproj" Id="503d08ab-6f42-456c-b1bf-0babb4181b3d" />
    <Project Path="Services/NotificationService/NotificationService.Application/NotificationService.Application.csproj" Id="7c873091-dfb5-49a8-88c9-661907a8c76e" />
    <Project Path="Services/NotificationService/NotificationService.Domain/NotificationService.Domain.csproj" Id="d7509c8a-1a5a-47ed-bf23-17c460fa42f2" />
    <Project Path="Services/NotificationService/NotificationService.Infrastructure/NotificationService.Infrastructure.csproj" Id="12f6a15c-e893-440a-a24d-2d16a1fac573" />
  </Folder>
  <Folder Name="/Services/TransactionService/">
    <Project Path="Services/TransactionService/TransactionService.API/TransactionService.API.csproj" Id="12e63261-2108-4271-8ddf-e26cec7b5d46" />
    <Project Path="Services/TransactionService/TransactionService.Application/TransactionService.Application.csproj" Id="b0d49201-d245-4b68-8a91-d75d620f0fb0" />
    <Project Path="Services/TransactionService/TransactionService.Domain/TransactionService.Domain.csproj" Id="80430054-f108-44ca-9679-e5a55e919cfd" />
    <Project Path="Services/TransactionService/TransactionService.Infrastructure/TransactionService.Infrastructure.csproj" Id="26a0d9f3-b31d-46d3-83b7-d42a465594a8" />
  </Folder>
</Solution>
